{
  "name": "projectone",
  "version": "1.0.0",
  "lockfileVersion": 1,
  "requires": true,
  "dependencies": {
    "lodash": {
      "version": "4.17.15",
      "resolved": "https://registry.npm.taobao.org/lodash/download/lodash-4.17.15.tgz",
      "integrity": "sha1-tEf2ZwoEVbv+7dETku/zMOoJdUg="
    },
    "simple-statistics": {
      "version": "7.0.5",
      "resolved": "http://localhost:4873/simple-statistics/-/simple-statistics-7.0.5.tgz",
      "integrity": "sha512-Fz3TaU6ERtpemiNh5IVmJ93+W/kJUEAZ2MrKe2tQ8iU8aFrrwPhW+62MZE0OJlG3GKH6KgcADBz/McIx0s0NhA=="
    }
  }
}
